
Microsoft Visual Studio Solution File, Format Version 12.00
# Visual Studio Version 17
VisualStudioVersion = 17.6.33829.357
MinimumVisualStudioVersion = 10.0.40219.1
Project("{FAE04EC0-301F-11D3-BF4B-00C04F79EFBC}") = "DNALab", "DNALab\DNALab.csproj", "{E5BD1F80-43F5-4CB7-93C1-A98749E663E3}"
EndProject
Project("{9A19103F-16F7-4668-BE54-9A1E7A4F7556}") = "DNALab.Tests", "DNALab.Tests\DNALab.Tests.csproj", "{E18F7FD7-6200-4BC3-B5A9-A9676CCDECA2}"
EndProject
Global
	GlobalSection(SolutionConfigurationPlatforms) = preSolution
		Debug|Any CPU = Debug|Any CPU
		Release|Any CPU = Release|Any CPU
	EndGlobalSection
	GlobalSection(ProjectConfigurationPlatforms) = postSolution
		{E5BD1F80-43F5-4CB7-93C1-A98749E663E3}.Debug|Any CPU.ActiveCfg = Debug|Any CPU
		{E5BD1F80-43F5-4CB7-93C1-A98749E663E3}.Debug|Any CPU.Build.0 = Debug|Any CPU
		{E5BD1F80-43F5-4CB7-93C1-A98749E663E3}.Release|Any CPU.ActiveCfg = Release|Any CPU
		{E5BD1F80-43F5-4CB7-93C1-A98749E663E3}.Release|Any CPU.Build.0 = Release|Any CPU
		{E18F7FD7-6200-4BC3-B5A9-A9676CCDECA2}.Debug|Any CPU.ActiveCfg = Debug|Any CPU
		{E18F7FD7-6200-4BC3-B5A9-A9676CCDECA2}.Debug|Any CPU.Build.0 = Debug|Any CPU
		{E18F7FD7-6200-4BC3-B5A9-A9676CCDECA2}.Release|Any CPU.ActiveCfg = Release|Any CPU
		{E18F7FD7-6200-4BC3-B5A9-A9676CCDECA2}.Release|Any CPU.Build.0 = Release|Any CPU
	EndGlobalSection
	GlobalSection(SolutionProperties) = preSolution
		HideSolutionNode = FALSE
	EndGlobalSection
	GlobalSection(ExtensibilityGlobals) = postSolution
		SolutionGuid = {D1B43470-DA4B-49BE-AD69-888570394F4D}
	EndGlobalSection
EndGlobal
